// !$*UTF8*$!
{
	archiveVersion = 1;
	classes = {
	};
	objectVersion = 56;
	objects = {

/* Begin PBXBuildFile section */
		8CF72C1C2C6508B10061DAC7 /* AppDelegate.swift in Sources */ = {isa = PBXBuildFile; fileRef = 8CF72C1B2C6508B10061DAC7 /* AppDelegate.swift */; };
		8CF72C1E2C6508B10061DAC7 /* SceneDelegate.swift in Sources */ = {isa = PBXBuildFile; fileRef = 8CF72C1D2C6508B10061DAC7 /* SceneDelegate.swift */; };
		8CF72C202C6508B10061DAC7 /* ViewController.swift in Sources */ = {isa = PBXBuildFile; fileRef = 8CF72C1F2C6508B10061DAC7 /* ViewController.swift */; };
		8CF72C262C6508B10061DAC7 /* CRUD.xcdatamodeld in Sources */ = {isa = PBXBuildFile; fileRef = 8CF72C242C6508B10061DAC7 /* CRUD.xcdatamodeld */; };
		8CF72C282C6508B30061DAC7 /* Assets.xcassets in Resources */ = {isa = PBXBuildFile; fileRef = 8CF72C272C6508B30061DAC7 /* Assets.xcassets */; };
		8CF72C2B2C6508B30061DAC7 /* Base in Resources */ = {isa = PBXBuildFile; fileRef = 8CF72C2A2C6508B30061DAC7 /* Base */; };
		8CF72C332C650BA90061DAC7 /* UseTabBarController.swift in Sources */ = {isa = PBXBuildFile; fileRef = 8CF72C322C650BA90061DAC7 /* UseTabBarController.swift */; };
		8CF72C352C650BE10061DAC7 /* CreateUserViewController.swift in Sources */ = {isa = PBXBuildFile; fileRef = 8CF72C342C650BE10061DAC7 /* CreateUserViewController.swift */; };
		8CF72C382C650C220061DAC7 /* ListPlayerViewController.swift in Sources */ = {isa = PBXBuildFile; fileRef = 8CF72C372C650C220061DAC7 /* ListPlayerViewController.swift */; };
		8CF72C3B2C650C560061DAC7 /* PlayerTableViewCell.swift in Sources */ = {isa = PBXBuildFile; fileRef = 8CF72C3A2C650C560061DAC7 /* PlayerTableViewCell.swift */; };
		8CF72C3D2C650C710061DAC7 /* EditPlayerViewController.swift in Sources */ = {isa = PBXBuildFile; fileRef = 8CF72C3C2C650C710061DAC7 /* EditPlayerViewController.swift */; };
		8CF72C442C650EB40061DAC7 /* ManagerPlayer.swift in Sources */ = {isa = PBXBuildFile; fileRef = 8CF72C432C650EB40061DAC7 /* ManagerPlayer.swift */; };
		8CF72C482C6512C20061DAC7 /* Player+CoreDataClass.swift in Sources */ = {isa = PBXBuildFile; fileRef = 8CF72C462C6512C20061DAC7 /* Player+CoreDataClass.swift */; };
		8CF72C492C6512C20061DAC7 /* Player+CoreDataProperties.swift in Sources */ = {isa = PBXBuildFile; fileRef = 8CF72C472C6512C20061DAC7 /* Player+CoreDataProperties.swift */; };
		8CF72C4B2C65153A0061DAC7 /* CoreDataStack.swift in Sources */ = {isa = PBXBuildFile; fileRef = 8CF72C4A2C65153A0061DAC7 /* CoreDataStack.swift */; };
/* End PBXBuildFile section */

/* Begin PBXFileReference section */
		8CF72C182C6508B10061DAC7 /* CRUD.app */ = {isa = PBXFileReference; explicitFileType = wrapper.application; includeInIndex = 0; path = CRUD.app; sourceTree = BUILT_PRODUCTS_DIR; };
		8CF72C1B2C6508B10061DAC7 /* AppDelegate.swift */ = {isa = PBXFileReference; lastKnownFileType = sourcecode.swift; path = AppDelegate.swift; sourceTree = "<group>"; };
		8CF72C1D2C6508B10061DAC7 /* SceneDelegate.swift */ = {isa = PBXFileReference; lastKnownFileType = sourcecode.swift; path = SceneDelegate.swift; sourceTree = "<group>"; };
		8CF72C1F2C6508B10061DAC7 /* ViewController.swift */ = {isa = PBXFileReference; lastKnownFileType = sourcecode.swift; path = ViewController.swift; sourceTree = "<group>"; };
		8CF72C252C6508B10061DAC7 /* CRUD.xcdatamodel */ = {isa = PBXFileReference; lastKnownFileType = wrapper.xcdatamodel; path = CRUD.xcdatamodel; sourceTree = "<group>"; };
		8CF72C272C6508B30061DAC7 /* Assets.xcassets */ = {isa = PBXFileReference; lastKnownFileType = folder.assetcatalog; path = Assets.xcassets; sourceTree = "<group>"; };
		8CF72C2A2C6508B30061DAC7 /* Base */ = {isa = PBXFileReference; lastKnownFileType = file.storyboard; name = Base; path = Base.lproj/LaunchScreen.storyboard; sourceTree = "<group>"; };
		8CF72C2C2C6508B30061DAC7 /* Info.plist */ = {isa = PBXFileReference; lastKnownFileType = text.plist.xml; path = Info.plist; sourceTree = "<group>"; };
		8CF72C322C650BA90061DAC7 /* UseTabBarController.swift */ = {isa = PBXFileReference; lastKnownFileType = sourcecode.swift; path = UseTabBarController.swift; sourceTree = "<group>"; };
		8CF72C342C650BE10061DAC7 /* CreateUserViewController.swift */ = {isa = PBXFileReference; lastKnownFileType = sourcecode.swift; path = CreateUserViewController.swift; sourceTree = "<group>"; };
		8CF72C372C650C220061DAC7 /* ListPlayerViewController.swift */ = {isa = PBXFileReference; lastKnownFileType = sourcecode.swift; path = ListPlayerViewController.swift; sourceTree = "<group>"; };
		8CF72C3A2C650C560061DAC7 /* PlayerTableViewCell.swift */ = {isa = PBXFileReference; lastKnownFileType = sourcecode.swift; path = PlayerTableViewCell.swift; sourceTree = "<group>"; };
		8CF72C3C2C650C710061DAC7 /* EditPlayerViewController.swift */ = {isa = PBXFileReference; lastKnownFileType = sourcecode.swift; path = EditPlayerViewController.swift; sourceTree = "<group>"; };
		8CF72C432C650EB40061DAC7 /* ManagerPlayer.swift */ = {isa = PBXFileReference; lastKnownFileType = sourcecode.swift; path = ManagerPlayer.swift; sourceTree = "<group>"; };
		8CF72C462C6512C20061DAC7 /* Player+CoreDataClass.swift */ = {isa = PBXFileReference; lastKnownFileType = sourcecode.swift; path = "Player+CoreDataClass.swift"; sourceTree = "<group>"; };
		8CF72C472C6512C20061DAC7 /* Player+CoreDataProperties.swift */ = {isa = PBXFileReference; lastKnownFileType = sourcecode.swift; path = "Player+CoreDataProperties.swift"; sourceTree = "<group>"; };
		8CF72C4A2C65153A0061DAC7 /* CoreDataStack.swift */ = {isa = PBXFileReference; lastKnownFileType = sourcecode.swift; path = CoreDataStack.swift; sourceTree = "<group>"; };
/* End PBXFileReference section */

/* Begin PBXFrameworksBuildPhase section */
		8CF72C152C6508B10061DAC7 /* Frameworks */ = {
			isa = PBXFrameworksBuildPhase;
			buildActionMask = 2147483647;
			files = (
			);
			runOnlyForDeploymentPostprocessing = 0;
		};
/* End PBXFrameworksBuildPhase section */

/* Begin PBXGroup section */
		8CF72C0F2C6508B10061DAC7 = {
			isa = PBXGroup;
			children = (
				8CF72C1A2C6508B10061DAC7 /* CRUD */,
				8CF72C192C6508B10061DAC7 /* Products */,
			);
			sourceTree = "<group>";
		};
		8CF72C192C6508B10061DAC7 /* Products */ = {
			isa = PBXGroup;
			children = (
				8CF72C182C6508B10061DAC7 /* CRUD.app */,
			);
			name = Products;
			sourceTree = "<group>";
		};
		8CF72C1A2C6508B10061DAC7 /* CRUD */ = {
			isa = PBXGroup;
			children = (
				8CF72C1B2C6508B10061DAC7 /* AppDelegate.swift */,
				8CF72C1D2C6508B10061DAC7 /* SceneDelegate.swift */,
				8CF72C1F2C6508B10061DAC7 /* ViewController.swift */,
				8CF72C322C650BA90061DAC7 /* UseTabBarController.swift */,
				8CF72C432C650EB40061DAC7 /* ManagerPlayer.swift */,
				8CF72C4A2C65153A0061DAC7 /* CoreDataStack.swift */,
				8CF72C452C6511A10061DAC7 /* CRUDClass */,
				8CF72C3E2C650C7C0061DAC7 /* EditPlayer */,
				8CF72C392C650C360061DAC7 /* ListPlayer */,
				8CF72C362C650BF80061DAC7 /* CreateUser */,
				8CF72C272C6508B30061DAC7 /* Assets.xcassets */,
				8CF72C292C6508B30061DAC7 /* LaunchScreen.storyboard */,
				8CF72C2C2C6508B30061DAC7 /* Info.plist */,
				8CF72C242C6508B10061DAC7 /* CRUD.xcdatamodeld */,
			);
			path = CRUD;
			sourceTree = "<group>";
		};
		8CF72C362C650BF80061DAC7 /* CreateUser */ = {
			isa = PBXGroup;
			children = (
				8CF72C342C650BE10061DAC7 /* CreateUserViewController.swift */,
			);
			path = CreateUser;
			sourceTree = "<group>";
		};
		8CF72C392C650C360061DAC7 /* ListPlayer */ = {
			isa = PBXGroup;
			children = (
				8CF72C372C650C220061DAC7 /* ListPlayerViewController.swift */,
				8CF72C3A2C650C560061DAC7 /* PlayerTableViewCell.swift */,
			);
			name = ListPlayer;
			sourceTree = "<group>";
		};
		8CF72C3E2C650C7C0061DAC7 /* EditPlayer */ = {
			isa = PBXGroup;
			children = (
				8CF72C3C2C650C710061DAC7 /* EditPlayerViewController.swift */,
			);
			path = EditPlayer;
			sourceTree = "<group>";
		};
		8CF72C452C6511A10061DAC7 /* CRUDClass */ = {
			isa = PBXGroup;
			children = (
				8CF72C462C6512C20061DAC7 /* Player+CoreDataClass.swift */,
				8CF72C472C6512C20061DAC7 /* Player+CoreDataProperties.swift */,
			);
			path = CRUDClass;
			sourceTree = "<group>";
		};
/* End PBXGroup section */

/* Begin PBXNativeTarget section */
		8CF72C172C6508B10061DAC7 /* CRUD */ = {
			isa = PBXNativeTarget;
			buildConfigurationList = 8CF72C2F2C6508B30061DAC7 /* Build configuration list for PBXNativeTarget "CRUD" */;
			buildPhases = (
				8CF72C142C6508B10061DAC7 /* Sources */,
				8CF72C152C6508B10061DAC7 /* Frameworks */,
				8CF72C162C6508B10061DAC7 /* Resources */,
			);
			buildRules = (
			);
			dependencies = (
			);
			name = CRUD;
			productName = CRUD;
			productReference = 8CF72C182C6508B10061DAC7 /* CRUD.app */;
			productType = "com.apple.product-type.application";
		};
/* End PBXNativeTarget section */

/* Begin PBXProject section */
		8CF72C102C6508B10061DAC7 /* Project object */ = {
			isa = PBXProject;
			attributes = {
				BuildIndependentTargetsInParallel = 1;
				LastSwiftUpdateCheck = 1540;
				LastUpgradeCheck = 1540;
				TargetAttributes = {
					8CF72C172C6508B10061DAC7 = {
						CreatedOnToolsVersion = 15.4;
					};
				};
			};
			buildConfigurationList = 8CF72C132C6508B10061DAC7 /* Build configuration list for PBXProject "CRUD" */;
			compatibilityVersion = "Xcode 14.0";
			developmentRegion = en;
			hasScannedForEncodings = 0;
			knownRegions = (
				en,
				Base,
			);
			mainGroup = 8CF72C0F2C6508B10061DAC7;
			productRefGroup = 8CF72C192C6508B10061DAC7 /* Products */;
			projectDirPath = "";
			projectRoot = "";
			targets = (
				8CF72C172C6508B10061DAC7 /* CRUD */,
			);
		};
/* End PBXProject section */

/* Begin PBXResourcesBuildPhase section */
		8CF72C162C6508B10061DAC7 /* Resources */ = {
			isa = PBXResourcesBuildPhase;
			buildActionMask = 2147483647;
			files = (
				8CF72C282C6508B30061DAC7 /* Assets.xcassets in Resources */,
				8CF72C2B2C6508B30061DAC7 /* Base in Resources */,
			);
			runOnlyForDeploymentPostprocessing = 0;
		};
/* End PBXResourcesBuildPhase section */

/* Begin PBXSourcesBuildPhase section */
		8CF72C142C6508B10061DAC7 /* Sources */ = {
			isa = PBXSourcesBuildPhase;
			buildActionMask = 2147483647;
			files = (
				8CF72C202C6508B10061DAC7 /* ViewController.swift in Sources */,
				8CF72C332C650BA90061DAC7 /* UseTabBarController.swift in Sources */,
				8CF72C1C2C6508B10061DAC7 /* AppDelegate.swift in Sources */,
				8CF72C482C6512C20061DAC7 /* Player+CoreDataClass.swift in Sources */,
				8CF72C492C6512C20061DAC7 /* Player+CoreDataProperties.swift in Sources */,
				8CF72C1E2C6508B10061DAC7 /* SceneDelegate.swift in Sources */,
				8CF72C4B2C65153A0061DAC7 /* CoreDataStack.swift in Sources */,
				8CF72C3B2C650C560061DAC7 /* PlayerTableViewCell.swift in Sources */,
				8CF72C3D2C650C710061DAC7 /* EditPlayerViewController.swift in Sources */,
				8CF72C262C6508B10061DAC7 /* CRUD.xcdatamodeld in Sources */,
				8CF72C382C650C220061DAC7 /* ListPlayerViewController.swift in Sources */,
				8CF72C442C650EB40061DAC7 /* ManagerPlayer.swift in Sources */,
				8CF72C352C650BE10061DAC7 /* CreateUserViewController.swift in Sources */,
			);
			runOnlyForDeploymentPostprocessing = 0;
		};
/* End PBXSourcesBuildPhase section */

/* Begin PBXVariantGroup section */
		8CF72C292C6508B30061DAC7 /* LaunchScreen.storyboard */ = {
			isa = PBXVariantGroup;
			children = (
				8CF72C2A2C6508B30061DAC7 /* Base */,
			);
			name = LaunchScreen.storyboard;
			sourceTree = "<group>";
		};
/* End PBXVariantGroup section */

/* Begin XCBuildConfiguration section */
		8CF72C2D2C6508B30061DAC7 /* Debug */ = {
			isa = XCBuildConfiguration;
			buildSettings = {
				ALWAYS_SEARCH_USER_PATHS = NO;
				ASSETCATALOG_COMPILER_GENERATE_SWIFT_ASSET_SYMBOL_EXTENSIONS = YES;
				CLANG_ANALYZER_NONNULL = YES;
				CLANG_ANALYZER_NUMBER_OBJECT_CONVERSION = YES_AGGRESSIVE;
				CLANG_CXX_LANGUAGE_STANDARD = "gnu++20";
				CLANG_ENABLE_MODULES = YES;
				CLANG_ENABLE_OBJC_ARC = YES;
				CLANG_ENABLE_OBJC_WEAK = YES;
				CLANG_WARN_BLOCK_CAPTURE_AUTORELEASING = YES;
				CLANG_WARN_BOOL_CONVERSION = YES;
				CLANG_WARN_COMMA = YES;
				CLANG_WARN_CONSTANT_CONVERSION = YES;
				CLANG_WARN_DEPRECATED_OBJC_IMPLEMENTATIONS = YES;
				CLANG_WARN_DIRECT_OBJC_ISA_USAGE = YES_ERROR;
				CLANG_WARN_DOCUMENTATION_COMMENTS = YES;
				CLANG_WARN_EMPTY_BODY = YES;
				CLANG_WARN_ENUM_CONVERSION = YES;
				CLANG_WARN_INFINITE_RECURSION = YES;
				CLANG_WARN_INT_CONVERSION = YES;
				CLANG_WARN_NON_LITERAL_NULL_CONVERSION = YES;
				CLANG_WARN_OBJC_IMPLICIT_RETAIN_SELF = YES;
				CLANG_WARN_OBJC_LITERAL_CONVERSION = YES;
				CLANG_WARN_OBJC_ROOT_CLASS = YES_ERROR;
				CLANG_WARN_QUOTED_INCLUDE_IN_FRAMEWORK_HEADER = YES;
				CLANG_WARN_RANGE_LOOP_ANALYSIS = YES;
				CLANG_WARN_STRICT_PROTOTYPES = YES;
				CLANG_WARN_SUSPICIOUS_MOVE = YES;
				CLANG_WARN_UNGUARDED_AVAILABILITY = YES_AGGRESSIVE;
				CLANG_WARN_UNREACHABLE_CODE = YES;
				CLANG_WARN__DUPLICATE_METHOD_MATCH = YES;
				COPY_PHASE_STRIP = NO;
				DEBUG_INFORMATION_FORMAT = dwarf;
				ENABLE_STRICT_OBJC_MSGSEND = YES;
				ENABLE_TESTABILITY = YES;
				ENABLE_USER_SCRIPT_SANDBOXING = YES;
				GCC_C_LANGUAGE_STANDARD = gnu17;
				GCC_DYNAMIC_NO_PIC = NO;
				GCC_NO_COMMON_BLOCKS = YES;
				GCC_OPTIMIZATION_LEVEL = 0;
				GCC_PREPROCESSOR_DEFINITIONS = (
					"DEBUG=1",
					"$(inherited)",
				);
				GCC_WARN_64_TO_32_BIT_CONVERSION = YES;
				GCC_WARN_ABOUT_RETURN_TYPE = YES_ERROR;
				GCC_WARN_UNDECLARED_SELECTOR = YES;
				GCC_WARN_UNINITIALIZED_AUTOS = YES_AGGRESSIVE;
				GCC_WARN_UNUSED_FUNCTION = YES;
				GCC_WARN_UNUSED_VARIABLE = YES;
				IPHONEOS_DEPLOYMENT_TARGET = 17.5;
				LOCALIZATION_PREFERS_STRING_CATALOGS = YES;
				MTL_ENABLE_DEBUG_INFO = INCLUDE_SOURCE;
				MTL_FAST_MATH = YES;
				ONLY_ACTIVE_ARCH = YES;
				SDKROOT = iphoneos;
				SWIFT_ACTIVE_COMPILATION_CONDITIONS = "DEBUG $(inherited)";
				SWIFT_OPTIMIZATION_LEVEL = "-Onone";
			};
			name = Debug;
		};
		8CF72C2E2C6508B30061DAC7 /* Release */ = {
			isa = XCBuildConfiguration;
			buildSettings = {
				ALWAYS_SEARCH_USER_PATHS = NO;
				ASSETCATALOG_COMPILER_GENERATE_SWIFT_ASSET_SYMBOL_EXTENSIONS = YES;
				CLANG_ANALYZER_NONNULL = YES;
				CLANG_ANALYZER_NUMBER_OBJECT_CONVERSION = YES_AGGRESSIVE;
				CLANG_CXX_LANGUAGE_STANDARD = "gnu++20";
				CLANG_ENABLE_MODULES = YES;
				CLANG_ENABLE_OBJC_ARC = YES;
				CLANG_ENABLE_OBJC_WEAK = YES;
				CLANG_WARN_BLOCK_CAPTURE_AUTORELEASING = YES;
				CLANG_WARN_BOOL_CONVERSION = YES;
				CLANG_WARN_COMMA = YES;
				CLANG_WARN_CONSTANT_CONVERSION = YES;
				CLANG_WARN_DEPRECATED_OBJC_IMPLEMENTATIONS = YES;
				CLANG_WARN_DIRECT_OBJC_ISA_USAGE = YES_ERROR;
				CLANG_WARN_DOCUMENTATION_COMMENTS = YES;
				CLANG_WARN_EMPTY_BODY = YES;
				CLANG_WARN_ENUM_CONVERSION = YES;
				CLANG_WARN_INFINITE_RECURSION = YES;
				CLANG_WARN_INT_CONVERSION = YES;
				CLANG_WARN_NON_LITERAL_NULL_CONVERSION = YES;
				CLANG_WARN_OBJC_IMPLICIT_RETAIN_SELF = YES;
				CLANG_WARN_OBJC_LITERAL_CONVERSION = YES;
				CLANG_WARN_OBJC_ROOT_CLASS = YES_ERROR;
				CLANG_WARN_QUOTED_INCLUDE_IN_FRAMEWORK_HEADER = YES;
				CLANG_WARN_RANGE_LOOP_ANALYSIS = YES;
				CLANG_WARN_STRICT_PROTOTYPES = YES;
				CLANG_WARN_SUSPICIOUS_MOVE = YES;
				CLANG_WARN_UNGUARDED_AVAILABILITY = YES_AGGRESSIVE;
				CLANG_WARN_UNREACHABLE_CODE = YES;
				CLANG_WARN__DUPLICATE_METHOD_MATCH = YES;
				COPY_PHASE_STRIP = NO;
				DEBUG_INFORMATION_FORMAT = "dwarf-with-dsym";
				ENABLE_NS_ASSERTIONS = NO;
				ENABLE_STRICT_OBJC_MSGSEND = YES;
				ENABLE_USER_SCRIPT_SANDBOXING = YES;
				GCC_C_LANGUAGE_STANDARD = gnu17;
				GCC_NO_COMMON_BLOCKS = YES;
				GCC_WARN_64_TO_32_BIT_CONVERSION = YES;
				GCC_WARN_ABOUT_RETURN_TYPE = YES_ERROR;
				GCC_WARN_UNDECLARED_SELECTOR = YES;
				GCC_WARN_UNINITIALIZED_AUTOS = YES_AGGRESSIVE;
				GCC_WARN_UNUSED_FUNCTION = YES;
				GCC_WARN_UNUSED_VARIABLE = YES;
				IPHONEOS_DEPLOYMENT_TARGET = 17.5;
				LOCALIZATION_PREFERS_STRING_CATALOGS = YES;
				MTL_ENABLE_DEBUG_INFO = NO;
				MTL_FAST_MATH = YES;
				SDKROOT = iphoneos;
				SWIFT_COMPILATION_MODE = wholemodule;
				VALIDATE_PRODUCT = YES;
			};
			name = Release;
		};
		8CF72C302C6508B30061DAC7 /* Debug */ = {
			isa = XCBuildConfiguration;
			buildSettings = {
				ASSETCATALOG_COMPILER_APPICON_NAME = AppIcon;
				ASSETCATALOG_COMPILER_GLOBAL_ACCENT_COLOR_NAME = AccentColor;
				CODE_SIGN_STYLE = Automatic;
				CURRENT_PROJECT_VERSION = 1;
				DEVELOPMENT_TEAM = TFQYAL46QY;
				GENERATE_INFOPLIST_FILE = YES;
				INFOPLIST_FILE = CRUD/Info.plist;
				INFOPLIST_KEY_UIApplicationSupportsIndirectInputEvents = YES;
				INFOPLIST_KEY_UILaunchStoryboardName = LaunchScreen;
				INFOPLIST_KEY_UISupportedInterfaceOrientations_iPad = "UIInterfaceOrientationPortrait UIInterfaceOrientationPortraitUpsideDown UIInterfaceOrientationLandscapeLeft UIInterfaceOrientationLandscapeRight";
				INFOPLIST_KEY_UISupportedInterfaceOrientations_iPhone = "UIInterfaceOrientationPortrait UIInterfaceOrientationLandscapeLeft UIInterfaceOrientationLandscapeRight";
				LD_RUNPATH_SEARCH_PATHS = (
					"$(inherited)",
					"@executable_path/Frameworks",
				);
				MARKETING_VERSION = 1.0;
				PRODUCT_BUNDLE_IDENTIFIER = kamitanidev.CRUD;
				PRODUCT_NAME = "$(TARGET_NAME)";
				SWIFT_EMIT_LOC_STRINGS = YES;
				SWIFT_VERSION = 5.0;
				TARGETED_DEVICE_FAMILY = "1,2";
			};
			name = Debug;
		};
		8CF72C312C6508B30061DAC7 /* Release */ = {
			isa = XCBuildConfiguration;
			buildSettings = {
				ASSETCATALOG_COMPILER_APPICON_NAME = AppIcon;
				ASSETCATALOG_COMPILER_GLOBAL_ACCENT_COLOR_NAME = AccentColor;
				CODE_SIGN_STYLE = Automatic;
				CURRENT_PROJECT_VERSION = 1;
				DEVELOPMENT_TEAM = TFQYAL46QY;
				GENERATE_INFOPLIST_FILE = YES;
				INFOPLIST_FILE = CRUD/Info.plist;
				INFOPLIST_KEY_UIApplicationSupportsIndirectInputEvents = YES;
				INFOPLIST_KEY_UILaunchStoryboardName = LaunchScreen;
				INFOPLIST_KEY_UISupportedInterfaceOrientations_iPad = "UIInterfaceOrientationPortrait UIInterfaceOrientationPortraitUpsideDown UIInterfaceOrientationLandscapeLeft UIInterfaceOrientationLandscapeRight";
				INFOPLIST_KEY_UISupportedInterfaceOrientations_iPhone = "UIInterfaceOrientationPortrait UIInterfaceOrientationLandscapeLeft UIInterfaceOrientationLandscapeRight";
				LD_RUNPATH_SEARCH_PATHS = (
					"$(inherited)",
					"@executable_path/Frameworks",
				);
				MARKETING_VERSION = 1.0;
				PRODUCT_BUNDLE_IDENTIFIER = kamitanidev.CRUD;
				PRODUCT_NAME = "$(TARGET_NAME)";
				SWIFT_EMIT_LOC_STRINGS = YES;
				SWIFT_VERSION = 5.0;
				TARGETED_DEVICE_FAMILY = "1,2";
			};
			name = Release;
		};
/* End XCBuildConfiguration section */

/* Begin XCConfigurationList section */
		8CF72C132C6508B10061DAC7 /* Build configuration list for PBXProject "CRUD" */ = {
			isa = XCConfigurationList;
			buildConfigurations = (
				8CF72C2D2C6508B30061DAC7 /* Debug */,
				8CF72C2E2C6508B30061DAC7 /* Release */,
			);
			defaultConfigurationIsVisible = 0;
			defaultConfigurationName = Release;
		};
		8CF72C2F2C6508B30061DAC7 /* Build configuration list for PBXNativeTarget "CRUD" */ = {
			isa = XCConfigurationList;
			buildConfigurations = (
				8CF72C302C6508B30061DAC7 /* Debug */,
				8CF72C312C6508B30061DAC7 /* Release */,
			);
			defaultConfigurationIsVisible = 0;
			defaultConfigurationName = Release;
		};
/* End XCConfigurationList section */

/* Begin XCVersionGroup section */
		8CF72C242C6508B10061DAC7 /* CRUD.xcdatamodeld */ = {
			isa = XCVersionGroup;
			children = (
				8CF72C252C6508B10061DAC7 /* CRUD.xcdatamodel */,
			);
			currentVersion = 8CF72C252C6508B10061DAC7 /* CRUD.xcdatamodel */;
			path = CRUD.xcdatamodeld;
			sourceTree = "<group>";
			usesTabs = 0;
			versionGroupType = wrapper.xcdatamodel;
		};
/* End XCVersionGroup section */
	};
	rootObject = 8CF72C102C6508B10061DAC7 /* Project object */;
}
